
Microsoft Visual Studio Solution File, Format Version 12.00
# Visual Studio Version 17
VisualStudioVersion = 17.12.35527.113 d17.12
MinimumVisualStudioVersion = 10.0.40219.1
Project("{FAE04EC0-301F-11D3-BF4B-00C04F79EFBC}") = "TodoApp.Server", "TodoApp.Server\TodoApp.Server.csproj", "{39E018DF-465E-4857-87EC-819FD7519825}"
EndProject
Project("{54A90642-561A-4BB1-A94E-469ADEE60C69}") = "todoapp.client", "todoapp.client\todoapp.client.esproj", "{CDF81BD8-AF6A-4DA2-9D0E-24EAD79648B6}"
EndProject
Project("{FAE04EC0-301F-11D3-BF4B-00C04F79EFBC}") = "TodoApp.Server.Tests", "TodoApp.Server.Tests\TodoApp.Server.Tests.csproj", "{0D35C408-8525-4A47-9835-F04ED06A4842}"
EndProject
Global
	GlobalSection(SolutionConfigurationPlatforms) = preSolution
		Debug|Any CPU = Debug|Any CPU
		Release|Any CPU = Release|Any CPU
	EndGlobalSection
	GlobalSection(ProjectConfigurationPlatforms) = postSolution
		{39E018DF-465E-4857-87EC-819FD7519825}.Debug|Any CPU.ActiveCfg = Debug|Any CPU
		{39E018DF-465E-4857-87EC-819FD7519825}.Debug|Any CPU.Build.0 = Debug|Any CPU
		{39E018DF-465E-4857-87EC-819FD7519825}.Release|Any CPU.ActiveCfg = Release|Any CPU
		{39E018DF-465E-4857-87EC-819FD7519825}.Release|Any CPU.Build.0 = Release|Any CPU
		{CDF81BD8-AF6A-4DA2-9D0E-24EAD79648B6}.Debug|Any CPU.ActiveCfg = Debug|Any CPU
		{CDF81BD8-AF6A-4DA2-9D0E-24EAD79648B6}.Debug|Any CPU.Build.0 = Debug|Any CPU
		{CDF81BD8-AF6A-4DA2-9D0E-24EAD79648B6}.Debug|Any CPU.Deploy.0 = Debug|Any CPU
		{CDF81BD8-AF6A-4DA2-9D0E-24EAD79648B6}.Release|Any CPU.ActiveCfg = Release|Any CPU
		{CDF81BD8-AF6A-4DA2-9D0E-24EAD79648B6}.Release|Any CPU.Build.0 = Release|Any CPU
		{CDF81BD8-AF6A-4DA2-9D0E-24EAD79648B6}.Release|Any CPU.Deploy.0 = Release|Any CPU
		{0D35C408-8525-4A47-9835-F04ED06A4842}.Debug|Any CPU.ActiveCfg = Debug|Any CPU
		{0D35C408-8525-4A47-9835-F04ED06A4842}.Debug|Any CPU.Build.0 = Debug|Any CPU
		{0D35C408-8525-4A47-9835-F04ED06A4842}.Release|Any CPU.ActiveCfg = Release|Any CPU
		{0D35C408-8525-4A47-9835-F04ED06A4842}.Release|Any CPU.Build.0 = Release|Any CPU
	EndGlobalSection
	GlobalSection(SolutionProperties) = preSolution
		HideSolutionNode = FALSE
	EndGlobalSection
EndGlobal
